// !$*UTF8*$!
{
	archiveVersion = 1;
	classes = {
	};
	objectVersion = 56;
	objects = {

/* Begin PBXBuildFile section */
		C20415A02B8D03AB0094C10C /* BookCardView.swift in Sources */ = {isa = PBXBuildFile; fileRef = C204159F2B8D03AB0094C10C /* BookCardView.swift */; };
		C2F1E4002B8CCBE10026ADEF /* BooksApp.swift in Sources */ = {isa = PBXBuildFile; fileRef = C2F1E3FF2B8CCBE10026ADEF /* BooksApp.swift */; };
		C2F1E4022B8CCBE10026ADEF /* ContentView.swift in Sources */ = {isa = PBXBuildFile; fileRef = C2F1E4012B8CCBE10026ADEF /* ContentView.swift */; };
		C2F1E4042B8CCBE20026ADEF /* Assets.xcassets in Resources */ = {isa = PBXBuildFile; fileRef = C2F1E4032B8CCBE20026ADEF /* Assets.xcassets */; };
		C2F1E4082B8CCBE20026ADEF /* Preview Assets.xcassets in Resources */ = {isa = PBXBuildFile; fileRef = C2F1E4072B8CCBE20026ADEF /* Preview Assets.xcassets */; };
		C2F1E40F2B8CCC2A0026ADEF /* SplashScreenView.swift in Sources */ = {isa = PBXBuildFile; fileRef = C2F1E40E2B8CCC2A0026ADEF /* SplashScreenView.swift */; };
		C2F1E4122B8CD06B0026ADEF /* LibraryView.swift in Sources */ = {isa = PBXBuildFile; fileRef = C2F1E4112B8CD06B0026ADEF /* LibraryView.swift */; };
		C2F1E4142B8CD0F30026ADEF /* GoogleService-Info.plist in Resources */ = {isa = PBXBuildFile; fileRef = C2F1E4132B8CD0F30026ADEF /* GoogleService-Info.plist */; };
		C2F1E4242B8CD2BA0026ADEF /* Book.swift in Sources */ = {isa = PBXBuildFile; fileRef = C2F1E4232B8CD2BA0026ADEF /* Book.swift */; };
		C2F1E4262B8CD2D60026ADEF /* Banner.swift in Sources */ = {isa = PBXBuildFile; fileRef = C2F1E4252B8CD2D60026ADEF /* Banner.swift */; };
		C2F1E4282B8CD3080026ADEF /* BooksResponse.swift in Sources */ = {isa = PBXBuildFile; fileRef = C2F1E4272B8CD3080026ADEF /* BooksResponse.swift */; };
		C2F1E42B2B8CD9F00026ADEF /* FirebaseServiceable.swift in Sources */ = {isa = PBXBuildFile; fileRef = C2F1E42A2B8CD9F00026ADEF /* FirebaseServiceable.swift */; };
		C2F1E42D2B8CDA5A0026ADEF /* FirebaseService.swift in Sources */ = {isa = PBXBuildFile; fileRef = C2F1E42C2B8CDA5A0026ADEF /* FirebaseService.swift */; };
		C2F1E4302B8CDCD00026ADEF /* FirebaseCrashlytics in Frameworks */ = {isa = PBXBuildFile; productRef = C2F1E42F2B8CDCD00026ADEF /* FirebaseCrashlytics */; };
		C2F1E4342B8CDF370026ADEF /* MockFirebaseService.swift in Sources */ = {isa = PBXBuildFile; fileRef = C2F1E4332B8CDF370026ADEF /* MockFirebaseService.swift */; };
		C2F1E4372B8CE2690026ADEF /* mock_book_response.json in Resources */ = {isa = PBXBuildFile; fileRef = C2F1E4362B8CE2690026ADEF /* mock_book_response.json */; };
		C2F1E43A2B8CE4270026ADEF /* FirebaseError.swift in Sources */ = {isa = PBXBuildFile; fileRef = C2F1E4392B8CE4270026ADEF /* FirebaseError.swift */; };
		C2F1E43C2B8CEABB0026ADEF /* FirebaseRemoteConfigSwift in Frameworks */ = {isa = PBXBuildFile; productRef = C2F1E43B2B8CEABB0026ADEF /* FirebaseRemoteConfigSwift */; };
		C2F1E43E2B8CFFF30026ADEF /* GenreSectionView.swift in Sources */ = {isa = PBXBuildFile; fileRef = C2F1E43D2B8CFFF30026ADEF /* GenreSectionView.swift */; };
/* End PBXBuildFile section */

/* Begin PBXFileReference section */
		C204159F2B8D03AB0094C10C /* BookCardView.swift */ = {isa = PBXFileReference; lastKnownFileType = sourcecode.swift; path = BookCardView.swift; sourceTree = "<group>"; };
		C2F1E3FC2B8CCBE10026ADEF /* Books.app */ = {isa = PBXFileReference; explicitFileType = wrapper.application; includeInIndex = 0; path = Books.app; sourceTree = BUILT_PRODUCTS_DIR; };
		C2F1E3FF2B8CCBE10026ADEF /* BooksApp.swift */ = {isa = PBXFileReference; lastKnownFileType = sourcecode.swift; path = BooksApp.swift; sourceTree = "<group>"; };
		C2F1E4012B8CCBE10026ADEF /* ContentView.swift */ = {isa = PBXFileReference; lastKnownFileType = sourcecode.swift; path = ContentView.swift; sourceTree = "<group>"; };
		C2F1E4032B8CCBE20026ADEF /* Assets.xcassets */ = {isa = PBXFileReference; lastKnownFileType = folder.assetcatalog; path = Assets.xcassets; sourceTree = "<group>"; };
		C2F1E4052B8CCBE20026ADEF /* Books.entitlements */ = {isa = PBXFileReference; lastKnownFileType = text.plist.entitlements; path = Books.entitlements; sourceTree = "<group>"; };
		C2F1E4072B8CCBE20026ADEF /* Preview Assets.xcassets */ = {isa = PBXFileReference; lastKnownFileType = folder.assetcatalog; path = "Preview Assets.xcassets"; sourceTree = "<group>"; };
		C2F1E40E2B8CCC2A0026ADEF /* SplashScreenView.swift */ = {isa = PBXFileReference; lastKnownFileType = sourcecode.swift; path = SplashScreenView.swift; sourceTree = "<group>"; };
		C2F1E4112B8CD06B0026ADEF /* LibraryView.swift */ = {isa = PBXFileReference; lastKnownFileType = sourcecode.swift; path = LibraryView.swift; sourceTree = "<group>"; };
		C2F1E4132B8CD0F30026ADEF /* GoogleService-Info.plist */ = {isa = PBXFileReference; fileEncoding = 4; lastKnownFileType = text.plist.xml; path = "GoogleService-Info.plist"; sourceTree = "<group>"; };
		C2F1E4232B8CD2BA0026ADEF /* Book.swift */ = {isa = PBXFileReference; lastKnownFileType = sourcecode.swift; path = Book.swift; sourceTree = "<group>"; };
		C2F1E4252B8CD2D60026ADEF /* Banner.swift */ = {isa = PBXFileReference; lastKnownFileType = sourcecode.swift; path = Banner.swift; sourceTree = "<group>"; };
		C2F1E4272B8CD3080026ADEF /* BooksResponse.swift */ = {isa = PBXFileReference; lastKnownFileType = sourcecode.swift; path = BooksResponse.swift; sourceTree = "<group>"; };
		C2F1E42A2B8CD9F00026ADEF /* FirebaseServiceable.swift */ = {isa = PBXFileReference; lastKnownFileType = sourcecode.swift; path = FirebaseServiceable.swift; sourceTree = "<group>"; };
		C2F1E42C2B8CDA5A0026ADEF /* FirebaseService.swift */ = {isa = PBXFileReference; lastKnownFileType = sourcecode.swift; path = FirebaseService.swift; sourceTree = "<group>"; };
		C2F1E4332B8CDF370026ADEF /* MockFirebaseService.swift */ = {isa = PBXFileReference; lastKnownFileType = sourcecode.swift; path = MockFirebaseService.swift; sourceTree = "<group>"; };
		C2F1E4362B8CE2690026ADEF /* mock_book_response.json */ = {isa = PBXFileReference; lastKnownFileType = text.json; path = mock_book_response.json; sourceTree = "<group>"; };
		C2F1E4392B8CE4270026ADEF /* FirebaseError.swift */ = {isa = PBXFileReference; lastKnownFileType = sourcecode.swift; path = FirebaseError.swift; sourceTree = "<group>"; };
		C2F1E43D2B8CFFF30026ADEF /* GenreSectionView.swift */ = {isa = PBXFileReference; lastKnownFileType = sourcecode.swift; path = GenreSectionView.swift; sourceTree = "<group>"; };
/* End PBXFileReference section */

/* Begin PBXFrameworksBuildPhase section */
		C2F1E3F92B8CCBE10026ADEF /* Frameworks */ = {
			isa = PBXFrameworksBuildPhase;
			buildActionMask = 2147483647;
			files = (
				C2F1E4302B8CDCD00026ADEF /* FirebaseCrashlytics in Frameworks */,
				C2F1E43C2B8CEABB0026ADEF /* FirebaseRemoteConfigSwift in Frameworks */,
			);
			runOnlyForDeploymentPostprocessing = 0;
		};
/* End PBXFrameworksBuildPhase section */

/* Begin PBXGroup section */
		C2F1E3F32B8CCBE10026ADEF = {
			isa = PBXGroup;
			children = (
				C2F1E3FE2B8CCBE10026ADEF /* Books */,
				C2F1E3FD2B8CCBE10026ADEF /* Products */,
				C2F1E42E2B8CDCD00026ADEF /* Frameworks */,
			);
			sourceTree = "<group>";
		};
		C2F1E3FD2B8CCBE10026ADEF /* Products */ = {
			isa = PBXGroup;
			children = (
				C2F1E3FC2B8CCBE10026ADEF /* Books.app */,
			);
			name = Products;
			sourceTree = "<group>";
		};
		C2F1E3FE2B8CCBE10026ADEF /* Books */ = {
			isa = PBXGroup;
			children = (
				C2F1E4352B8CDF5B0026ADEF /* Mocks */,
				C2F1E4132B8CD0F30026ADEF /* GoogleService-Info.plist */,
				C2F1E4222B8CD2AF0026ADEF /* Models */,
				C2F1E4292B8CD9C30026ADEF /* Services */,
				C2F1E4102B8CD03D0026ADEF /* Views */,
				C2F1E3FF2B8CCBE10026ADEF /* BooksApp.swift */,
				C2F1E4032B8CCBE20026ADEF /* Assets.xcassets */,
				C2F1E4052B8CCBE20026ADEF /* Books.entitlements */,
				C2F1E4062B8CCBE20026ADEF /* Preview Content */,
			);
			path = Books;
			sourceTree = "<group>";
		};
		C2F1E4062B8CCBE20026ADEF /* Preview Content */ = {
			isa = PBXGroup;
			children = (
				C2F1E4072B8CCBE20026ADEF /* Preview Assets.xcassets */,
			);
			path = "Preview Content";
			sourceTree = "<group>";
		};
		C2F1E4102B8CD03D0026ADEF /* Views */ = {
			isa = PBXGroup;
			children = (
				C2F1E4012B8CCBE10026ADEF /* ContentView.swift */,
				C2F1E40E2B8CCC2A0026ADEF /* SplashScreenView.swift */,
				C2F1E4112B8CD06B0026ADEF /* LibraryView.swift */,
				C2F1E43D2B8CFFF30026ADEF /* GenreSectionView.swift */,
				C204159F2B8D03AB0094C10C /* BookCardView.swift */,
			);
			path = Views;
			sourceTree = "<group>";
		};
		C2F1E4222B8CD2AF0026ADEF /* Models */ = {
			isa = PBXGroup;
			children = (
				C2F1E4232B8CD2BA0026ADEF /* Book.swift */,
				C2F1E4252B8CD2D60026ADEF /* Banner.swift */,
				C2F1E4272B8CD3080026ADEF /* BooksResponse.swift */,
			);
			path = Models;
			sourceTree = "<group>";
		};
		C2F1E4292B8CD9C30026ADEF /* Services */ = {
			isa = PBXGroup;
			children = (
				C2F1E4382B8CE40F0026ADEF /* FirebaseService */,
			);
			path = Services;
			sourceTree = "<group>";
		};
		C2F1E42E2B8CDCD00026ADEF /* Frameworks */ = {
			isa = PBXGroup;
			children = (
			);
			name = Frameworks;
			sourceTree = "<group>";
		};
		C2F1E4352B8CDF5B0026ADEF /* Mocks */ = {
			isa = PBXGroup;
			children = (
				C2F1E4362B8CE2690026ADEF /* mock_book_response.json */,
			);
			path = Mocks;
			sourceTree = "<group>";
		};
		C2F1E4382B8CE40F0026ADEF /* FirebaseService */ = {
			isa = PBXGroup;
			children = (
				C2F1E42A2B8CD9F00026ADEF /* FirebaseServiceable.swift */,
				C2F1E42C2B8CDA5A0026ADEF /* FirebaseService.swift */,
				C2F1E4332B8CDF370026ADEF /* MockFirebaseService.swift */,
				C2F1E4392B8CE4270026ADEF /* FirebaseError.swift */,
			);
			path = FirebaseService;
			sourceTree = "<group>";
		};
/* End PBXGroup section */

/* Begin PBXNativeTarget section */
		C2F1E3FB2B8CCBE10026ADEF /* Books */ = {
			isa = PBXNativeTarget;
			buildConfigurationList = C2F1E40B2B8CCBE20026ADEF /* Build configuration list for PBXNativeTarget "Books" */;
			buildPhases = (
				C2F1E3F82B8CCBE10026ADEF /* Sources */,
				C2F1E3F92B8CCBE10026ADEF /* Frameworks */,
				C2F1E3FA2B8CCBE10026ADEF /* Resources */,
			);
			buildRules = (
			);
			dependencies = (
			);
			name = Books;
			packageProductDependencies = (
				C2F1E42F2B8CDCD00026ADEF /* FirebaseCrashlytics */,
				C2F1E43B2B8CEABB0026ADEF /* FirebaseRemoteConfigSwift */,
			);
			productName = Books;
			productReference = C2F1E3FC2B8CCBE10026ADEF /* Books.app */;
			productType = "com.apple.product-type.application";
		};
/* End PBXNativeTarget section */

/* Begin PBXProject section */
		C2F1E3F42B8CCBE10026ADEF /* Project object */ = {
			isa = PBXProject;
			attributes = {
				BuildIndependentTargetsInParallel = 1;
				LastSwiftUpdateCheck = 1500;
				LastUpgradeCheck = 1500;
				TargetAttributes = {
					C2F1E3FB2B8CCBE10026ADEF = {
						CreatedOnToolsVersion = 15.0;
					};
				};
			};
			buildConfigurationList = C2F1E3F72B8CCBE10026ADEF /* Build configuration list for PBXProject "Books" */;
			compatibilityVersion = "Xcode 14.0";
			developmentRegion = en;
			hasScannedForEncodings = 0;
			knownRegions = (
				en,
				Base,
			);
			mainGroup = C2F1E3F32B8CCBE10026ADEF;
			packageReferences = (
				C2F1E4152B8CD1840026ADEF /* XCRemoteSwiftPackageReference "firebase-ios-sdk" */,
			);
			productRefGroup = C2F1E3FD2B8CCBE10026ADEF /* Products */;
			projectDirPath = "";
			projectRoot = "";
			targets = (
				C2F1E3FB2B8CCBE10026ADEF /* Books */,
			);
		};
/* End PBXProject section */

/* Begin PBXResourcesBuildPhase section */
		C2F1E3FA2B8CCBE10026ADEF /* Resources */ = {
			isa = PBXResourcesBuildPhase;
			buildActionMask = 2147483647;
			files = (
				C2F1E4372B8CE2690026ADEF /* mock_book_response.json in Resources */,
				C2F1E4082B8CCBE20026ADEF /* Preview Assets.xcassets in Resources */,
				C2F1E4042B8CCBE20026ADEF /* Assets.xcassets in Resources */,
				C2F1E4142B8CD0F30026ADEF /* GoogleService-Info.plist in Resources */,
			);
			runOnlyForDeploymentPostprocessing = 0;
		};
/* End PBXResourcesBuildPhase section */

/* Begin PBXSourcesBuildPhase section */
		C2F1E3F82B8CCBE10026ADEF /* Sources */ = {
			isa = PBXSourcesBuildPhase;
			buildActionMask = 2147483647;
			files = (
				C2F1E4122B8CD06B0026ADEF /* LibraryView.swift in Sources */,
				C2F1E4282B8CD3080026ADEF /* BooksResponse.swift in Sources */,
				C2F1E43E2B8CFFF30026ADEF /* GenreSectionView.swift in Sources */,
				C2F1E42B2B8CD9F00026ADEF /* FirebaseServiceable.swift in Sources */,
				C2F1E4022B8CCBE10026ADEF /* ContentView.swift in Sources */,
				C2F1E42D2B8CDA5A0026ADEF /* FirebaseService.swift in Sources */,
				C2F1E43A2B8CE4270026ADEF /* FirebaseError.swift in Sources */,
				C20415A02B8D03AB0094C10C /* BookCardView.swift in Sources */,
				C2F1E4002B8CCBE10026ADEF /* BooksApp.swift in Sources */,
				C2F1E4242B8CD2BA0026ADEF /* Book.swift in Sources */,
				C2F1E40F2B8CCC2A0026ADEF /* SplashScreenView.swift in Sources */,
				C2F1E4342B8CDF370026ADEF /* MockFirebaseService.swift in Sources */,
				C2F1E4262B8CD2D60026ADEF /* Banner.swift in Sources */,
			);
			runOnlyForDeploymentPostprocessing = 0;
		};
/* End PBXSourcesBuildPhase section */

/* Begin XCBuildConfiguration section */
		C2F1E4092B8CCBE20026ADEF /* Debug */ = {
			isa = XCBuildConfiguration;
			buildSettings = {
				ALWAYS_SEARCH_USER_PATHS = NO;
				ASSETCATALOG_COMPILER_GENERATE_SWIFT_ASSET_SYMBOL_EXTENSIONS = YES;
				CLANG_ANALYZER_NONNULL = YES;
				CLANG_ANALYZER_NUMBER_OBJECT_CONVERSION = YES_AGGRESSIVE;
				CLANG_CXX_LANGUAGE_STANDARD = "gnu++20";
				CLANG_ENABLE_MODULES = YES;
				CLANG_ENABLE_OBJC_ARC = YES;
				CLANG_ENABLE_OBJC_WEAK = YES;
				CLANG_WARN_BLOCK_CAPTURE_AUTORELEASING = YES;
				CLANG_WARN_BOOL_CONVERSION = YES;
				CLANG_WARN_COMMA = YES;
				CLANG_WARN_CONSTANT_CONVERSION = YES;
				CLANG_WARN_DEPRECATED_OBJC_IMPLEMENTATIONS = YES;
				CLANG_WARN_DIRECT_OBJC_ISA_USAGE = YES_ERROR;
				CLANG_WARN_DOCUMENTATION_COMMENTS = YES;
				CLANG_WARN_EMPTY_BODY = YES;
				CLANG_WARN_ENUM_CONVERSION = YES;
				CLANG_WARN_INFINITE_RECURSION = YES;
				CLANG_WARN_INT_CONVERSION = YES;
				CLANG_WARN_NON_LITERAL_NULL_CONVERSION = YES;
				CLANG_WARN_OBJC_IMPLICIT_RETAIN_SELF = YES;
				CLANG_WARN_OBJC_LITERAL_CONVERSION = YES;
				CLANG_WARN_OBJC_ROOT_CLASS = YES_ERROR;
				CLANG_WARN_QUOTED_INCLUDE_IN_FRAMEWORK_HEADER = YES;
				CLANG_WARN_RANGE_LOOP_ANALYSIS = YES;
				CLANG_WARN_STRICT_PROTOTYPES = YES;
				CLANG_WARN_SUSPICIOUS_MOVE = YES;
				CLANG_WARN_UNGUARDED_AVAILABILITY = YES_AGGRESSIVE;
				CLANG_WARN_UNREACHABLE_CODE = YES;
				CLANG_WARN__DUPLICATE_METHOD_MATCH = YES;
				COPY_PHASE_STRIP = NO;
				DEBUG_INFORMATION_FORMAT = dwarf;
				ENABLE_STRICT_OBJC_MSGSEND = YES;
				ENABLE_TESTABILITY = YES;
				ENABLE_USER_SCRIPT_SANDBOXING = YES;
				GCC_C_LANGUAGE_STANDARD = gnu17;
				GCC_DYNAMIC_NO_PIC = NO;
				GCC_NO_COMMON_BLOCKS = YES;
				GCC_OPTIMIZATION_LEVEL = 0;
				GCC_PREPROCESSOR_DEFINITIONS = (
					"DEBUG=1",
					"$(inherited)",
				);
				GCC_WARN_64_TO_32_BIT_CONVERSION = YES;
				GCC_WARN_ABOUT_RETURN_TYPE = YES_ERROR;
				GCC_WARN_UNDECLARED_SELECTOR = YES;
				GCC_WARN_UNINITIALIZED_AUTOS = YES_AGGRESSIVE;
				GCC_WARN_UNUSED_FUNCTION = YES;
				GCC_WARN_UNUSED_VARIABLE = YES;
				LOCALIZATION_PREFERS_STRING_CATALOGS = YES;
				MTL_ENABLE_DEBUG_INFO = INCLUDE_SOURCE;
				MTL_FAST_MATH = YES;
				ONLY_ACTIVE_ARCH = YES;
				SWIFT_ACTIVE_COMPILATION_CONDITIONS = "DEBUG $(inherited)";
				SWIFT_OPTIMIZATION_LEVEL = "-Onone";
			};
			name = Debug;
		};
		C2F1E40A2B8CCBE20026ADEF /* Release */ = {
			isa = XCBuildConfiguration;
			buildSettings = {
				ALWAYS_SEARCH_USER_PATHS = NO;
				ASSETCATALOG_COMPILER_GENERATE_SWIFT_ASSET_SYMBOL_EXTENSIONS = YES;
				CLANG_ANALYZER_NONNULL = YES;
				CLANG_ANALYZER_NUMBER_OBJECT_CONVERSION = YES_AGGRESSIVE;
				CLANG_CXX_LANGUAGE_STANDARD = "gnu++20";
				CLANG_ENABLE_MODULES = YES;
				CLANG_ENABLE_OBJC_ARC = YES;
				CLANG_ENABLE_OBJC_WEAK = YES;
				CLANG_WARN_BLOCK_CAPTURE_AUTORELEASING = YES;
				CLANG_WARN_BOOL_CONVERSION = YES;
				CLANG_WARN_COMMA = YES;
				CLANG_WARN_CONSTANT_CONVERSION = YES;
				CLANG_WARN_DEPRECATED_OBJC_IMPLEMENTATIONS = YES;
				CLANG_WARN_DIRECT_OBJC_ISA_USAGE = YES_ERROR;
				CLANG_WARN_DOCUMENTATION_COMMENTS = YES;
				CLANG_WARN_EMPTY_BODY = YES;
				CLANG_WARN_ENUM_CONVERSION = YES;
				CLANG_WARN_INFINITE_RECURSION = YES;
				CLANG_WARN_INT_CONVERSION = YES;
				CLANG_WARN_NON_LITERAL_NULL_CONVERSION = YES;
				CLANG_WARN_OBJC_IMPLICIT_RETAIN_SELF = YES;
				CLANG_WARN_OBJC_LITERAL_CONVERSION = YES;
				CLANG_WARN_OBJC_ROOT_CLASS = YES_ERROR;
				CLANG_WARN_QUOTED_INCLUDE_IN_FRAMEWORK_HEADER = YES;
				CLANG_WARN_RANGE_LOOP_ANALYSIS = YES;
				CLANG_WARN_STRICT_PROTOTYPES = YES;
				CLANG_WARN_SUSPICIOUS_MOVE = YES;
				CLANG_WARN_UNGUARDED_AVAILABILITY = YES_AGGRESSIVE;
				CLANG_WARN_UNREACHABLE_CODE = YES;
				CLANG_WARN__DUPLICATE_METHOD_MATCH = YES;
				COPY_PHASE_STRIP = NO;
				DEBUG_INFORMATION_FORMAT = "dwarf-with-dsym";
				ENABLE_NS_ASSERTIONS = NO;
				ENABLE_STRICT_OBJC_MSGSEND = YES;
				ENABLE_USER_SCRIPT_SANDBOXING = YES;
				GCC_C_LANGUAGE_STANDARD = gnu17;
				GCC_NO_COMMON_BLOCKS = YES;
				GCC_WARN_64_TO_32_BIT_CONVERSION = YES;
				GCC_WARN_ABOUT_RETURN_TYPE = YES_ERROR;
				GCC_WARN_UNDECLARED_SELECTOR = YES;
				GCC_WARN_UNINITIALIZED_AUTOS = YES_AGGRESSIVE;
				GCC_WARN_UNUSED_FUNCTION = YES;
				GCC_WARN_UNUSED_VARIABLE = YES;
				LOCALIZATION_PREFERS_STRING_CATALOGS = YES;
				MTL_ENABLE_DEBUG_INFO = NO;
				MTL_FAST_MATH = YES;
				SWIFT_COMPILATION_MODE = wholemodule;
			};
			name = Release;
		};
		C2F1E40C2B8CCBE20026ADEF /* Debug */ = {
			isa = XCBuildConfiguration;
			buildSettings = {
				ASSETCATALOG_COMPILER_APPICON_NAME = AppIcon;
				ASSETCATALOG_COMPILER_GLOBAL_ACCENT_COLOR_NAME = AccentColor;
				CODE_SIGN_ENTITLEMENTS = Books/Books.entitlements;
				CODE_SIGN_STYLE = Automatic;
				CURRENT_PROJECT_VERSION = 1;
				DEVELOPMENT_ASSET_PATHS = "\"Books/Preview Content\"";
				DEVELOPMENT_TEAM = QUXUWH42GX;
				ENABLE_HARDENED_RUNTIME = YES;
				ENABLE_PREVIEWS = YES;
				GENERATE_INFOPLIST_FILE = YES;
				"INFOPLIST_KEY_UIApplicationSceneManifest_Generation[sdk=iphoneos*]" = YES;
				"INFOPLIST_KEY_UIApplicationSceneManifest_Generation[sdk=iphonesimulator*]" = YES;
				"INFOPLIST_KEY_UIApplicationSupportsIndirectInputEvents[sdk=iphoneos*]" = YES;
				"INFOPLIST_KEY_UIApplicationSupportsIndirectInputEvents[sdk=iphonesimulator*]" = YES;
				"INFOPLIST_KEY_UILaunchScreen_Generation[sdk=iphoneos*]" = YES;
				"INFOPLIST_KEY_UILaunchScreen_Generation[sdk=iphonesimulator*]" = YES;
				"INFOPLIST_KEY_UIStatusBarStyle[sdk=iphoneos*]" = UIStatusBarStyleDefault;
				"INFOPLIST_KEY_UIStatusBarStyle[sdk=iphonesimulator*]" = UIStatusBarStyleDefault;
				INFOPLIST_KEY_UISupportedInterfaceOrientations_iPad = "UIInterfaceOrientationPortrait UIInterfaceOrientationPortraitUpsideDown UIInterfaceOrientationLandscapeLeft UIInterfaceOrientationLandscapeRight";
				INFOPLIST_KEY_UISupportedInterfaceOrientations_iPhone = "UIInterfaceOrientationPortrait UIInterfaceOrientationLandscapeLeft UIInterfaceOrientationLandscapeRight";
				IPHONEOS_DEPLOYMENT_TARGET = 17.0;
				LD_RUNPATH_SEARCH_PATHS = "@executable_path/Frameworks";
				"LD_RUNPATH_SEARCH_PATHS[sdk=macosx*]" = "@executable_path/../Frameworks";
				MACOSX_DEPLOYMENT_TARGET = 14.0;
				MARKETING_VERSION = 1.0;
				PRODUCT_BUNDLE_IDENTIFIER = com.books.app;
				PRODUCT_NAME = "$(TARGET_NAME)";
				SDKROOT = auto;
				SUPPORTED_PLATFORMS = "iphoneos iphonesimulator";
				SUPPORTS_MACCATALYST = NO;
				SWIFT_EMIT_LOC_STRINGS = YES;
				SWIFT_VERSION = 5.0;
				TARGETED_DEVICE_FAMILY = "1,2";
			};
			name = Debug;
		};
		C2F1E40D2B8CCBE20026ADEF /* Release */ = {
			isa = XCBuildConfiguration;
			buildSettings = {
				ASSETCATALOG_COMPILER_APPICON_NAME = AppIcon;
				ASSETCATALOG_COMPILER_GLOBAL_ACCENT_COLOR_NAME = AccentColor;
				CODE_SIGN_ENTITLEMENTS = Books/Books.entitlements;
				CODE_SIGN_STYLE = Automatic;
				CURRENT_PROJECT_VERSION = 1;
				DEVELOPMENT_ASSET_PATHS = "\"Books/Preview Content\"";
				DEVELOPMENT_TEAM = QUXUWH42GX;
				ENABLE_HARDENED_RUNTIME = YES;
				ENABLE_PREVIEWS = YES;
				GENERATE_INFOPLIST_FILE = YES;
				"INFOPLIST_KEY_UIApplicationSceneManifest_Generation[sdk=iphoneos*]" = YES;
				"INFOPLIST_KEY_UIApplicationSceneManifest_Generation[sdk=iphonesimulator*]" = YES;
				"INFOPLIST_KEY_UIApplicationSupportsIndirectInputEvents[sdk=iphoneos*]" = YES;
				"INFOPLIST_KEY_UIApplicationSupportsIndirectInputEvents[sdk=iphonesimulator*]" = YES;
				"INFOPLIST_KEY_UILaunchScreen_Generation[sdk=iphoneos*]" = YES;
				"INFOPLIST_KEY_UILaunchScreen_Generation[sdk=iphonesimulator*]" = YES;
				"INFOPLIST_KEY_UIStatusBarStyle[sdk=iphoneos*]" = UIStatusBarStyleDefault;
				"INFOPLIST_KEY_UIStatusBarStyle[sdk=iphonesimulator*]" = UIStatusBarStyleDefault;
				INFOPLIST_KEY_UISupportedInterfaceOrientations_iPad = "UIInterfaceOrientationPortrait UIInterfaceOrientationPortraitUpsideDown UIInterfaceOrientationLandscapeLeft UIInterfaceOrientationLandscapeRight";
				INFOPLIST_KEY_UISupportedInterfaceOrientations_iPhone = "UIInterfaceOrientationPortrait UIInterfaceOrientationLandscapeLeft UIInterfaceOrientationLandscapeRight";
				IPHONEOS_DEPLOYMENT_TARGET = 17.0;
				LD_RUNPATH_SEARCH_PATHS = "@executable_path/Frameworks";
				"LD_RUNPATH_SEARCH_PATHS[sdk=macosx*]" = "@executable_path/../Frameworks";
				MACOSX_DEPLOYMENT_TARGET = 14.0;
				MARKETING_VERSION = 1.0;
				PRODUCT_BUNDLE_IDENTIFIER = com.books.app;
				PRODUCT_NAME = "$(TARGET_NAME)";
				SDKROOT = auto;
				SUPPORTED_PLATFORMS = "iphoneos iphonesimulator";
				SUPPORTS_MACCATALYST = NO;
				SWIFT_EMIT_LOC_STRINGS = YES;
				SWIFT_VERSION = 5.0;
				TARGETED_DEVICE_FAMILY = "1,2";
			};
			name = Release;
		};
/* End XCBuildConfiguration section */

/* Begin XCConfigurationList section */
		C2F1E3F72B8CCBE10026ADEF /* Build configuration list for PBXProject "Books" */ = {
			isa = XCConfigurationList;
			buildConfigurations = (
				C2F1E4092B8CCBE20026ADEF /* Debug */,
				C2F1E40A2B8CCBE20026ADEF /* Release */,
			);
			defaultConfigurationIsVisible = 0;
			defaultConfigurationName = Release;
		};
		C2F1E40B2B8CCBE20026ADEF /* Build configuration list for PBXNativeTarget "Books" */ = {
			isa = XCConfigurationList;
			buildConfigurations = (
				C2F1E40C2B8CCBE20026ADEF /* Debug */,
				C2F1E40D2B8CCBE20026ADEF /* Release */,
			);
			defaultConfigurationIsVisible = 0;
			defaultConfigurationName = Release;
		};
/* End XCConfigurationList section */

/* Begin XCRemoteSwiftPackageReference section */
		C2F1E4152B8CD1840026ADEF /* XCRemoteSwiftPackageReference "firebase-ios-sdk" */ = {
			isa = XCRemoteSwiftPackageReference;
			repositoryURL = "https://github.com/firebase/firebase-ios-sdk";
			requirement = {
				kind = upToNextMajorVersion;
				minimumVersion = 10.21.0;
			};
		};
/* End XCRemoteSwiftPackageReference section */

/* Begin XCSwiftPackageProductDependency section */
		C2F1E42F2B8CDCD00026ADEF /* FirebaseCrashlytics */ = {
			isa = XCSwiftPackageProductDependency;
			package = C2F1E4152B8CD1840026ADEF /* XCRemoteSwiftPackageReference "firebase-ios-sdk" */;
			productName = FirebaseCrashlytics;
		};
		C2F1E43B2B8CEABB0026ADEF /* FirebaseRemoteConfigSwift */ = {
			isa = XCSwiftPackageProductDependency;
			package = C2F1E4152B8CD1840026ADEF /* XCRemoteSwiftPackageReference "firebase-ios-sdk" */;
			productName = FirebaseRemoteConfigSwift;
		};
/* End XCSwiftPackageProductDependency section */
	};
	rootObject = C2F1E3F42B8CCBE10026ADEF /* Project object */;
}
